
Microsoft Visual Studio Solution File, Format Version 12.00
# Visual Studio 15
VisualStudioVersion = 15.0.28307.1231
MinimumVisualStudioVersion = 10.0.40219.1
Project("{FAE04EC0-301F-11D3-BF4B-00C04F79EFBC}") = "SalonManagementSystem", "SalonManagementSystem\SalonManagementSystem.csproj", "{20D68A13-1887-4374-94A0-C080C29C1DC8}"
EndProject
Project("{FAE04EC0-301F-11D3-BF4B-00C04F79EFBC}") = "SalonDataAccess", "SalonDataAccess\SalonDataAccess.csproj", "{4ECEF4C8-9044-4803-8A24-5CBB4B47F14D}"
EndProject
Global
	GlobalSection(SolutionConfigurationPlatforms) = preSolution
		Debug|Any CPU = Debug|Any CPU
		Release|Any CPU = Release|Any CPU
	EndGlobalSection
	GlobalSection(ProjectConfigurationPlatforms) = postSolution
		{20D68A13-1887-4374-94A0-C080C29C1DC8}.Debug|Any CPU.ActiveCfg = Debug|Any CPU
		{20D68A13-1887-4374-94A0-C080C29C1DC8}.Debug|Any CPU.Build.0 = Debug|Any CPU
		{20D68A13-1887-4374-94A0-C080C29C1DC8}.Release|Any CPU.ActiveCfg = Release|Any CPU
		{20D68A13-1887-4374-94A0-C080C29C1DC8}.Release|Any CPU.Build.0 = Release|Any CPU
		{4ECEF4C8-9044-4803-8A24-5CBB4B47F14D}.Debug|Any CPU.ActiveCfg = Debug|Any CPU
		{4ECEF4C8-9044-4803-8A24-5CBB4B47F14D}.Debug|Any CPU.Build.0 = Debug|Any CPU
		{4ECEF4C8-9044-4803-8A24-5CBB4B47F14D}.Release|Any CPU.ActiveCfg = Release|Any CPU
		{4ECEF4C8-9044-4803-8A24-5CBB4B47F14D}.Release|Any CPU.Build.0 = Release|Any CPU
	EndGlobalSection
	GlobalSection(SolutionProperties) = preSolution
		HideSolutionNode = FALSE
	EndGlobalSection
	GlobalSection(ExtensibilityGlobals) = postSolution
		SolutionGuid = {AD0B857C-80F5-4EFE-93BF-E523C4B6FB30}
	EndGlobalSection
EndGlobal
